github.com/ApoorvSaxena/lozad.js v1.16.0 h1:aOAQS2YZpaOEzooD7RNZ6q+s49pYUxs820ksjFlTbOc=
github.com/ApoorvSaxena/lozad.js v1.16.0/go.mod h1:HLMLRQ59vDQ59sT0CATlxe81/Y3ZtXM0h62ani6wFc0=
github.com/dimsemenov/PhotoSwipe v4.1.3+incompatible h1:hwzfRK6E8GAKFeHI7gesHC+Pd2wZRWbXdISEKqbvewg=
github.com/dimsemenov/PhotoSwipe v4.1.3+incompatible/go.mod h1:FP+gRZh6ldmcDaDX/QlU/v/7p9LhM2V+CCv70GcfzyQ=
github.com/theNewDynamic/gohugo-theme-ananke v2.6.7+incompatible h1:7c+NVmojLSbkk3F0GjCvEgWRI8oZh++vtR9VbNZJuMY=
github.com/theNewDynamic/gohugo-theme-ananke v2.6.7+incompatible/go.mod h1:RlzLLao82tupbQFWEZtV9ibVqr9+2WYw31sCghz3n3Y=
